
Microsoft Visual Studio Solution File, Format Version 12.00
# Visual Studio Version 16
VisualStudioVersion = 16.0.30204.135
MinimumVisualStudioVersion = 10.0.40219.1
Project("{FAE04EC0-301F-11D3-BF4B-00C04F79EFBC}") = "FaceDetectAndRecognize.Core", "FaceDetectAndRecognize.Core\FaceDetectAndRecognize.Core.csproj", "{96362588-AECE-4690-8877-A019DB869205}"
EndProject
Project("{FAE04EC0-301F-11D3-BF4B-00C04F79EFBC}") = "FaceDetectAndRecognize.UsageConsoleSample", "FaceDetectAndRecognize.UsageConsoleSample\FaceDetectAndRecognize.UsageConsoleSample.csproj", "{8A26A41D-CDE8-44F3-8157-6F6ED168E312}"
EndProject
Global
	GlobalSection(SolutionConfigurationPlatforms) = preSolution
		Debug|Any CPU = Debug|Any CPU
		Release|Any CPU = Release|Any CPU
	EndGlobalSection
	GlobalSection(ProjectConfigurationPlatforms) = postSolution
		{96362588-AECE-4690-8877-A019DB869205}.Debug|Any CPU.ActiveCfg = Debug|Any CPU
		{96362588-AECE-4690-8877-A019DB869205}.Debug|Any CPU.Build.0 = Debug|Any CPU
		{96362588-AECE-4690-8877-A019DB869205}.Release|Any CPU.ActiveCfg = Release|Any CPU
		{96362588-AECE-4690-8877-A019DB869205}.Release|Any CPU.Build.0 = Release|Any CPU
		{8A26A41D-CDE8-44F3-8157-6F6ED168E312}.Debug|Any CPU.ActiveCfg = Debug|Any CPU
		{8A26A41D-CDE8-44F3-8157-6F6ED168E312}.Debug|Any CPU.Build.0 = Debug|Any CPU
		{8A26A41D-CDE8-44F3-8157-6F6ED168E312}.Release|Any CPU.ActiveCfg = Release|Any CPU
		{8A26A41D-CDE8-44F3-8157-6F6ED168E312}.Release|Any CPU.Build.0 = Release|Any CPU
	EndGlobalSection
	GlobalSection(SolutionProperties) = preSolution
		HideSolutionNode = FALSE
	EndGlobalSection
	GlobalSection(ExtensibilityGlobals) = postSolution
		SolutionGuid = {5BB0D1F8-9887-42E3-8650-2A6C6D8EA855}
	EndGlobalSection
EndGlobal
